
Microsoft Visual Studio Solution File, Format Version 12.00
# Visual Studio Version 17
VisualStudioVersion = 17.14.36811.4
MinimumVisualStudioVersion = 10.0.40219.1
Project("{2150E333-8FDC-42A3-9474-1A3956D46DE8}") = "Core", "Core", "{02EA681E-C7D8-13C7-8484-4AC65E1B71E8}"
EndProject
Project("{FAE04EC0-301F-11D3-BF4B-00C04F79EFBC}") = "CoreBankingApp.Domain", "CoreBankingApp.Domain\CoreBankingApp.Domain.csproj", "{310F6FC0-37B8-4FDE-85E2-4F20D8F9C589}"
EndProject
Project("{FAE04EC0-301F-11D3-BF4B-00C04F79EFBC}") = "CoreBankingApp.Application", "CoreBankingApp.Application\CoreBankingApp.Application.csproj", "{61103CB2-6D45-40F8-8F6F-D42785E050C1}"
EndProject
Project("{FAE04EC0-301F-11D3-BF4B-00C04F79EFBC}") = "CoreBankingApp.Infrastructure", "CoreBankingApp.Infrastructure\CoreBankingApp.Infrastructure.csproj", "{43196C07-D680-48E3-AB83-CCD48042A4F9}"
EndProject
Project("{FAE04EC0-301F-11D3-BF4B-00C04F79EFBC}") = "CoreBankingApp.UI2", "CoreBankingApp.UI2\CoreBankingApp.UI2.csproj", "{DBB764D3-6B1A-415B-A714-F277242875EB}"
EndProject
Project("{2150E333-8FDC-42A3-9474-1A3956D46DE8}") = ".gitignore", ".gitignore", "{20199B1B-964F-4E0D-99C9-1CC64D2ECBC8}"
EndProject
Project("{2150E333-8FDC-42A3-9474-1A3956D46DE8}") = ".vs", ".vs", "{0AA33B63-17AD-4A3C-8AE0-25674B5ED094}"
EndProject
Project("{2150E333-8FDC-42A3-9474-1A3956D46DE8}") = "bin", "bin", "{94C2D9D1-8F0F-40EB-B5B8-7FC33AE97270}"
EndProject
Project("{2150E333-8FDC-42A3-9474-1A3956D46DE8}") = "obj", "obj", "{120E804F-323B-46D3-874C-C37E4E92C4B8}"
EndProject
Project("{2150E333-8FDC-42A3-9474-1A3956D46DE8}") = ".user", ".user", "{AA4A5FF0-0EF8-44B0-AF64-D5AC7698EE92}"
EndProject
Project("{2150E333-8FDC-42A3-9474-1A3956D46DE8}") = ".suo", ".suo", "{6CC228B6-13AF-4469-B4A8-F37963028EC5}"
EndProject
Global
	GlobalSection(SolutionConfigurationPlatforms) = preSolution
		Debug|Any CPU = Debug|Any CPU
		Release|Any CPU = Release|Any CPU
	EndGlobalSection
	GlobalSection(ProjectConfigurationPlatforms) = postSolution
		{310F6FC0-37B8-4FDE-85E2-4F20D8F9C589}.Debug|Any CPU.ActiveCfg = Debug|Any CPU
		{310F6FC0-37B8-4FDE-85E2-4F20D8F9C589}.Debug|Any CPU.Build.0 = Debug|Any CPU
		{310F6FC0-37B8-4FDE-85E2-4F20D8F9C589}.Release|Any CPU.ActiveCfg = Release|Any CPU
		{310F6FC0-37B8-4FDE-85E2-4F20D8F9C589}.Release|Any CPU.Build.0 = Release|Any CPU
		{61103CB2-6D45-40F8-8F6F-D42785E050C1}.Debug|Any CPU.ActiveCfg = Debug|Any CPU
		{61103CB2-6D45-40F8-8F6F-D42785E050C1}.Debug|Any CPU.Build.0 = Debug|Any CPU
		{61103CB2-6D45-40F8-8F6F-D42785E050C1}.Release|Any CPU.ActiveCfg = Release|Any CPU
		{61103CB2-6D45-40F8-8F6F-D42785E050C1}.Release|Any CPU.Build.0 = Release|Any CPU
		{43196C07-D680-48E3-AB83-CCD48042A4F9}.Debug|Any CPU.ActiveCfg = Debug|Any CPU
		{43196C07-D680-48E3-AB83-CCD48042A4F9}.Debug|Any CPU.Build.0 = Debug|Any CPU
		{43196C07-D680-48E3-AB83-CCD48042A4F9}.Release|Any CPU.ActiveCfg = Release|Any CPU
		{43196C07-D680-48E3-AB83-CCD48042A4F9}.Release|Any CPU.Build.0 = Release|Any CPU
		{DBB764D3-6B1A-415B-A714-F277242875EB}.Debug|Any CPU.ActiveCfg = Debug|Any CPU
		{DBB764D3-6B1A-415B-A714-F277242875EB}.Debug|Any CPU.Build.0 = Debug|Any CPU
		{DBB764D3-6B1A-415B-A714-F277242875EB}.Release|Any CPU.ActiveCfg = Release|Any CPU
		{DBB764D3-6B1A-415B-A714-F277242875EB}.Release|Any CPU.Build.0 = Release|Any CPU
	EndGlobalSection
	GlobalSection(SolutionProperties) = preSolution
		HideSolutionNode = FALSE
	EndGlobalSection
	GlobalSection(NestedProjects) = preSolution
		{310F6FC0-37B8-4FDE-85E2-4F20D8F9C589} = {02EA681E-C7D8-13C7-8484-4AC65E1B71E8}
		{61103CB2-6D45-40F8-8F6F-D42785E050C1} = {02EA681E-C7D8-13C7-8484-4AC65E1B71E8}
		{43196C07-D680-48E3-AB83-CCD48042A4F9} = {02EA681E-C7D8-13C7-8484-4AC65E1B71E8}
		{0AA33B63-17AD-4A3C-8AE0-25674B5ED094} = {20199B1B-964F-4E0D-99C9-1CC64D2ECBC8}
		{94C2D9D1-8F0F-40EB-B5B8-7FC33AE97270} = {20199B1B-964F-4E0D-99C9-1CC64D2ECBC8}
		{120E804F-323B-46D3-874C-C37E4E92C4B8} = {20199B1B-964F-4E0D-99C9-1CC64D2ECBC8}
		{AA4A5FF0-0EF8-44B0-AF64-D5AC7698EE92} = {20199B1B-964F-4E0D-99C9-1CC64D2ECBC8}
		{6CC228B6-13AF-4469-B4A8-F37963028EC5} = {20199B1B-964F-4E0D-99C9-1CC64D2ECBC8}
	EndGlobalSection
	GlobalSection(ExtensibilityGlobals) = postSolution
		SolutionGuid = {059614A3-463F-46ED-8F85-85DC481CC2A3}
	EndGlobalSection
EndGlobal
